<?xml version="1.0" encoding="utf-8"?>
<Project ToolsVersion="4.0" xmlns="http://schemas.microsoft.com/developer/msbuild/2003">
  <ItemGroup>
    <Filter Include="Source Files">
      <UniqueIdentifier>{038501f8-ccd7-491b-b034-9277effa46aa}</UniqueIdentifier>
      <Extensions>cpp;c;cxx;rc;def;r;odl;idl;hpj;bat</Extensions>
    </Filter>
    <Filter Include="Header Files">
      <UniqueIdentifier>{5866d0e7-64e3-4b88-b3aa-4a3496e54487}</UniqueIdentifier>
      <Extensions>h;hpp;hxx;hm;inl</Extensions>
    </Filter>
    <Filter Include="Resource Files">
      <UniqueIdentifier>{90da5430-a37c-46a4-bef8-e81144d84461}</UniqueIdentifier>
      <Extensions>ico;cur;bmp;dlg;rc2;rct;bin;rgs;gif;jpg;jpeg;jpe</Extensions>
    </Filter>
  </ItemGroup>
  <ItemGroup>
    <ClCompile Include="CameraView.cpp">
      <Filter>Source Files</Filter>
    </ClCompile>
    <ClCompile Include="cg3DTrans.cpp">
      <Filter>Source Files</Filter>
    </ClCompile>
    <ClCompile Include="cg3DTransDoc.cpp">
      <Filter>Source Files</Filter>
    </ClCompile>
    <ClCompile Include="cg3DTransView.cpp">
      <Filter>Source Files</Filter>
    </ClCompile>
    <ClCompile Include="CgTransControl.cpp">
      <Filter>Source Files</Filter>
    </ClCompile>
    <ClCompile Include="DrawScene.cpp">
      <Filter>Source Files</Filter>
    </ClCompile>
    <ClCompile Include="glFont.cpp">
      <Filter>Source Files</Filter>
    </ClCompile>
    <ClCompile Include="MainFrm.cpp">
      <Filter>Source Files</Filter>
    </ClCompile>
    <ClCompile Include="StdAfx.cpp">
      <Filter>Source Files</Filter>
    </ClCompile>
  </ItemGroup>
  <ItemGroup>
    <ResourceCompile Include="cg3DTrans.rc">
      <Filter>Source Files</Filter>
    </ResourceCompile>
  </ItemGroup>
  <ItemGroup>
    <ClInclude Include="CameraView.h">
      <Filter>Header Files</Filter>
    </ClInclude>
    <ClInclude Include="cg3DTrans.h">
      <Filter>Header Files</Filter>
    </ClInclude>
    <ClInclude Include="cg3DTransDoc.h">
      <Filter>Header Files</Filter>
    </ClInclude>
    <ClInclude Include="cg3DTransView.h">
      <Filter>Header Files</Filter>
    </ClInclude>
    <ClInclude Include="CgTransControl.h">
      <Filter>Header Files</Filter>
    </ClInclude>
    <ClInclude Include="DrawScene.h">
      <Filter>Header Files</Filter>
    </ClInclude>
    <ClInclude Include="glFont.h">
      <Filter>Header Files</Filter>
    </ClInclude>
    <ClInclude Include="MainFrm.h">
      <Filter>Header Files</Filter>
    </ClInclude>
    <ClInclude Include="Resource.h">
      <Filter>Header Files</Filter>
    </ClInclude>
    <ClInclude Include="StdAfx.h">
      <Filter>Header Files</Filter>
    </ClInclude>
    <ClInclude Include="TypeDefine.h">
      <Filter>Header Files</Filter>
    </ClInclude>
  </ItemGroup>
  <ItemGroup>
    <Image Include="res\cg3DTrans.ico">
      <Filter>Resource Files</Filter>
    </Image>
    <Image Include="res\cg3DTransDoc.ico">
      <Filter>Resource Files</Filter>
    </Image>
    <Image Include="res\Toolbar.bmp">
      <Filter>Resource Files</Filter>
    </Image>
  </ItemGroup>
  <ItemGroup>
    <Text Include="ReadMe.txt" />
  </ItemGroup>
  <ItemGroup>
    <CustomBuild Include="res\cg3DTrans.rc2">
      <Filter>Resource Files</Filter>
    </CustomBuild>
  </ItemGroup>
</Project>